
Microsoft Visual Studio Solution File, Format Version 12.00
Project("{FAE04EC0-301F-11D3-BF4B-00C04F79EFBC}") = "ControleDeContatos", "ControleDeContatos\ControleDeContatos.csproj", "{3C2E3C94-7B6A-4EC2-BB3A-22AB73FA83B6}"
EndProject
Global
	GlobalSection(SolutionConfigurationPlatforms) = preSolution
		Debug|Any CPU = Debug|Any CPU
		Release|Any CPU = Release|Any CPU
	EndGlobalSection
	GlobalSection(ProjectConfigurationPlatforms) = postSolution
		{3C2E3C94-7B6A-4EC2-BB3A-22AB73FA83B6}.Debug|Any CPU.ActiveCfg = Debug|Any CPU
		{3C2E3C94-7B6A-4EC2-BB3A-22AB73FA83B6}.Debug|Any CPU.Build.0 = Debug|Any CPU
		{3C2E3C94-7B6A-4EC2-BB3A-22AB73FA83B6}.Release|Any CPU.ActiveCfg = Release|Any CPU
		{3C2E3C94-7B6A-4EC2-BB3A-22AB73FA83B6}.Release|Any CPU.Build.0 = Release|Any CPU
	EndGlobalSection
EndGlobal
